
Microsoft Visual Studio Solution File, Format Version 12.00
# Visual Studio Version 16
VisualStudioVersion = 16.0.30517.126
MinimumVisualStudioVersion = 10.0.40219.1
Project("{FAE04EC0-301F-11D3-BF4B-00C04F79EFBC}") = "FrameGrab", "FrameGrab\FrameGrab.csproj", "{68C4A4B0-DED7-4772-BF0E-938F126815A7}"
EndProject
Global
	GlobalSection(SolutionConfigurationPlatforms) = preSolution
		Debug|Any CPU = Debug|Any CPU
		Release|Any CPU = Release|Any CPU
	EndGlobalSection
	GlobalSection(ProjectConfigurationPlatforms) = postSolution
		{68C4A4B0-DED7-4772-BF0E-938F126815A7}.Debug|Any CPU.ActiveCfg = Debug|Any CPU
		{68C4A4B0-DED7-4772-BF0E-938F126815A7}.Debug|Any CPU.Build.0 = Debug|Any CPU
		{68C4A4B0-DED7-4772-BF0E-938F126815A7}.Release|Any CPU.ActiveCfg = Release|Any CPU
		{68C4A4B0-DED7-4772-BF0E-938F126815A7}.Release|Any CPU.Build.0 = Release|Any CPU
	EndGlobalSection
	GlobalSection(SolutionProperties) = preSolution
		HideSolutionNode = FALSE
	EndGlobalSection
	GlobalSection(ExtensibilityGlobals) = postSolution
		SolutionGuid = {62E45D5B-BD77-4ACE-84A9-94DC4EAC3D8C}
	EndGlobalSection
EndGlobal
